<?xml version="1.0" encoding="utf-8"?>
<Project ToolsVersion="4.0" xmlns="http://schemas.microsoft.com/developer/msbuild/2003">
  <ItemGroup>
    <Filter Include="소스 파일">
      <UniqueIdentifier>{4FC737F1-C7A5-4376-A066-2A32D752A2FF}</UniqueIdentifier>
      <Extensions>cpp;c;cc;cxx;c++;cppm;ixx;def;odl;idl;hpj;bat;asm;asmx</Extensions>
    </Filter>
    <Filter Include="헤더 파일">
      <UniqueIdentifier>{93995380-89BD-4b04-88EB-625FBE52EBFB}</UniqueIdentifier>
      <Extensions>h;hh;hpp;hxx;h++;hm;inl;inc;ipp;xsd</Extensions>
    </Filter>
    <Filter Include="리소스 파일">
      <UniqueIdentifier>{67DA6AB6-F800-4c08-8B7A-83BB121AAD01}</UniqueIdentifier>
      <Extensions>rc;ico;cur;bmp;dlg;rc2;rct;bin;rgs;gif;jpg;jpeg;jpe;resx;tiff;tif;png;wav;mfcribbon-ms</Extensions>
    </Filter>
  </ItemGroup>
  <ItemGroup>
    <ClCompile Include="trycatch.cpp">
      <Filter>리소스 파일</Filter>
    </ClCompile>
    <ClCompile Include="throwfunc.cpp">
      <Filter>리소스 파일</Filter>
    </ClCompile>
    <ClCompile Include="stackunwinding.cpp">
      <Filter>리소스 파일</Filter>
    </ClCompile>
    <ClCompile Include="nesttry.cpp">
      <Filter>리소스 파일</Filter>
    </ClCompile>
    <ClCompile Include="ExceptionReturn.cpp">
      <Filter>리소스 파일</Filter>
    </ClCompile>
    <ClCompile Include="스택되감기.cpp">
      <Filter>리소스 파일</Filter>
    </ClCompile>
    <ClCompile Include="ExeptionEnum.cpp">
      <Filter>리소스 파일</Filter>
    </ClCompile>
    <ClCompile Include="ExceptionObject.cpp">
      <Filter>리소스 파일</Filter>
    </ClCompile>
    <ClCompile Include="InheritException.cpp">
      <Filter>리소스 파일</Filter>
    </ClCompile>
    <ClCompile Include="ExceptionClass.cpp">
      <Filter>리소스 파일</Filter>
    </ClCompile>
    <ClCompile Include="CtorException.cpp">
      <Filter>리소스 파일</Filter>
    </ClCompile>
    <ClCompile Include="tryfunc.cpp">
      <Filter>리소스 파일</Filter>
    </ClCompile>
    <ClCompile Include="tryctor.cpp">
      <Filter>리소스 파일</Filter>
    </ClCompile>
    <ClCompile Include="bad_alloc.cpp">
      <Filter>리소스 파일</Filter>
    </ClCompile>
    <ClCompile Include="terminate.cpp">
      <Filter>리소스 파일</Filter>
    </ClCompile>
    <ClCompile Include="unexpect.cpp">
      <Filter>리소스 파일</Filter>
    </ClCompile>
    <ClCompile Include="exdynamic.cpp">
      <Filter>리소스 파일</Filter>
    </ClCompile>
    <ClCompile Include="exretry.cpp">
      <Filter>리소스 파일</Filter>
    </ClCompile>
  </ItemGroup>
  <ItemGroup>
    <ClInclude Include="..\Chart8\cursor.h">
      <Filter>헤더 파일</Filter>
    </ClInclude>
  </ItemGroup>
</Project>