<?xml version="1.0" encoding="utf-8"?>
<Project ToolsVersion="4.0" xmlns="http://schemas.microsoft.com/developer/msbuild/2003">
  <ItemGroup>
    <Filter Include="소스 파일">
      <UniqueIdentifier>{4FC737F1-C7A5-4376-A066-2A32D752A2FF}</UniqueIdentifier>
      <Extensions>cpp;c;cc;cxx;c++;cppm;ixx;def;odl;idl;hpj;bat;asm;asmx</Extensions>
    </Filter>
    <Filter Include="헤더 파일">
      <UniqueIdentifier>{93995380-89BD-4b04-88EB-625FBE52EBFB}</UniqueIdentifier>
      <Extensions>h;hh;hpp;hxx;h++;hm;inl;inc;ipp;xsd</Extensions>
    </Filter>
    <Filter Include="리소스 파일">
      <UniqueIdentifier>{67DA6AB6-F800-4c08-8B7A-83BB121AAD01}</UniqueIdentifier>
      <Extensions>rc;ico;cur;bmp;dlg;rc2;rct;bin;rgs;gif;jpg;jpeg;jpe;resx;tiff;tif;png;wav;mfcribbon-ms</Extensions>
    </Filter>
  </ItemGroup>
  <ItemGroup>
    <ClCompile Include="TimeAdd.cpp">
      <Filter>리소스 파일</Filter>
    </ClCompile>
    <ClCompile Include="AddOperator.cpp">
      <Filter>리소스 파일</Filter>
    </ClCompile>
    <ClCompile Include="MinusOperator.cpp">
      <Filter>리소스 파일</Filter>
    </ClCompile>
    <ClCompile Include="operator1.cpp">
      <Filter>리소스 파일</Filter>
    </ClCompile>
    <ClCompile Include="operator2.cpp">
      <Filter>리소스 파일</Filter>
    </ClCompile>
    <ClCompile Include="TimePlusInt.cpp">
      <Filter>리소스 파일</Filter>
    </ClCompile>
    <ClCompile Include="TimePlusInt2.cpp">
      <Filter>리소스 파일</Filter>
    </ClCompile>
    <ClCompile Include="TimePlusInt3.cpp">
      <Filter>리소스 파일</Filter>
    </ClCompile>
    <ClCompile Include="TimeRelation.cpp">
      <Filter>리소스 파일</Filter>
    </ClCompile>
    <ClCompile Include="Humanchar.cpp">
      <Filter>리소스 파일</Filter>
    </ClCompile>
    <ClCompile Include="InheritStudent.cpp">
      <Filter>리소스 파일</Filter>
    </ClCompile>
    <ClCompile Include="InheritAccess.cpp">
      <Filter>리소스 파일</Filter>
    </ClCompile>
    <ClCompile Include="Override.cpp">
      <Filter>리소스 파일</Filter>
    </ClCompile>
    <ClCompile Include="InheritGraduate.cpp">
      <Filter>리소스 파일</Filter>
    </ClCompile>
    <ClCompile Include="MultiInherit.cpp">
      <Filter>리소스 파일</Filter>
    </ClCompile>
    <ClCompile Include="MemObject.cpp">
      <Filter>리소스 파일</Filter>
    </ClCompile>
    <ClCompile Include="PrivateInherit.cpp">
      <Filter>리소스 파일</Filter>
    </ClCompile>
    <ClCompile Include="NestClass.cpp">
      <Filter>리소스 파일</Filter>
    </ClCompile>
    <ClCompile Include="상속.cpp">
      <Filter>리소스 파일</Filter>
    </ClCompile>
    <ClCompile Include="객체포인터.cpp">
      <Filter>리소스 파일</Filter>
    </ClCompile>
    <ClCompile Include="ObjectPointer.cpp">
      <Filter>리소스 파일</Filter>
    </ClCompile>
    <ClCompile Include="VirtFunc.cpp">
      <Filter>리소스 파일</Filter>
    </ClCompile>
    <ClCompile Include="VirtFunc2.cpp">
      <Filter>리소스 파일</Filter>
    </ClCompile>
    <ClCompile Include="VirtualCode.cpp">
      <Filter>리소스 파일</Filter>
    </ClCompile>
    <ClCompile Include="Overridable.cpp">
      <Filter>리소스 파일</Filter>
    </ClCompile>
    <ClCompile Include="GraphicObject.cpp">
      <Filter>리소스 파일</Filter>
    </ClCompile>
    <ClCompile Include="MemCallMem.cpp">
      <Filter>리소스 파일</Filter>
    </ClCompile>
    <ClCompile Include="가상소멸자.cpp">
      <Filter>리소스 파일</Filter>
    </ClCompile>
    <ClCompile Include="VirtDestructor.cpp">
      <Filter>리소스 파일</Filter>
    </ClCompile>
    <ClCompile Include="PureVirtual.cpp">
      <Filter>리소스 파일</Filter>
    </ClCompile>
  </ItemGroup>
  <ItemGroup>
    <ClInclude Include="..\Chart1\cursor.h">
      <Filter>헤더 파일</Filter>
    </ClInclude>
  </ItemGroup>
</Project>